// !$*UTF8*$!
{
	archiveVersion = 1;
	classes = {
	};
	objectVersion = 50;
	objects = {

/* Begin PBXBuildFile section */
		17541948307AC48B00FEAC5F /* SceneDelegate.swift in Sources */ = {isa = PBXBuildFile; fileRef = 17541947307AC48B00FEAC5F /* SceneDelegate.swift */; };
		E229529D28BC04A500218A5C /* StartScene.swift in Sources */ = {isa = PBXBuildFile; fileRef = E229529C28BC04A500218A5C /* StartScene.swift */; };
		E22952A128BC09BD00218A5C /* StartScene.sks in Resources */ = {isa = PBXBuildFile; fileRef = E22952A028BC09BD00218A5C /* StartScene.sks */; };
		E22952A328BC7AB700218A5C /* SKButton.swift in Sources */ = {isa = PBXBuildFile; fileRef = E22952A228BC7AB700218A5C /* SKButton.swift */; };
		E24A4F312957A82500466DDA /* Scores.xcdatamodeld in Resources */ = {isa = PBXBuildFile; fileRef = E2980ACE294BB82C00FD8951 /* Scores.xcdatamodeld */; };
		E25A0B672ECB93DA0085E61E /* Particle.sks in Resources */ = {isa = PBXBuildFile; fileRef = E25A0B662ECB93DA0085E61E /* Particle.sks */; };
		E25FA55F2828760E002833D4 /* Top.swift in Sources */ = {isa = PBXBuildFile; fileRef = E25FA55E2828760E002833D4 /* Top.swift */; };
		E2604EAB2EBE6B04003AA4DD /* SettingsScene.sks in Resources */ = {isa = PBXBuildFile; fileRef = E2604EAA2EBE6B04003AA4DD /* SettingsScene.sks */; };
		E2604EAD2EBE6B14003AA4DD /* SettingsScene.swift in Sources */ = {isa = PBXBuildFile; fileRef = E2604EAC2EBE6B0E003AA4DD /* SettingsScene.swift */; };
		E2604EAF2EBE8D1A003AA4DD /* Settings.swift in Sources */ = {isa = PBXBuildFile; fileRef = E2604EAE2EBE8D13003AA4DD /* Settings.swift */; };
		E269D1D9295E8BED00ED3735 /* ScoreDisplay.swift in Sources */ = {isa = PBXBuildFile; fileRef = E269D1D8295E8BED00ED3735 /* ScoreDisplay.swift */; };
		E269D1DB295ED64600ED3735 /* SinglePlatform.swift in Sources */ = {isa = PBXBuildFile; fileRef = E269D1DA295ED64500ED3735 /* SinglePlatform.swift */; };
		E269D1DD295EECEF00ED3735 /* Cloud.swift in Sources */ = {isa = PBXBuildFile; fileRef = E269D1DC295EECEF00ED3735 /* Cloud.swift */; };
		E28FEFDD294B0D6E005A4A8D /* HighscoreScene.swift in Sources */ = {isa = PBXBuildFile; fileRef = E28FEFDC294B0D6E005A4A8D /* HighscoreScene.swift */; };
		E28FEFDF294B1008005A4A8D /* HighscoreScene.sks in Resources */ = {isa = PBXBuildFile; fileRef = E28FEFDE294B1008005A4A8D /* HighscoreScene.sks */; };
		E2980AD3294BB87400FD8951 /* CoreDataStack.swift in Sources */ = {isa = PBXBuildFile; fileRef = E2980AD2294BB87400FD8951 /* CoreDataStack.swift */; };
		E2980ADE294C33C900FD8951 /* Score+CoreDataClass.swift in Sources */ = {isa = PBXBuildFile; fileRef = E2980ADC294C33C900FD8951 /* Score+CoreDataClass.swift */; };
		E2980ADF294C33C900FD8951 /* Score+CoreDataProperties.swift in Sources */ = {isa = PBXBuildFile; fileRef = E2980ADD294C33C900FD8951 /* Score+CoreDataProperties.swift */; };
		E2BF96B02821C65E000A2B9C /* AppDelegate.swift in Sources */ = {isa = PBXBuildFile; fileRef = E2BF96AF2821C65E000A2B9C /* AppDelegate.swift */; };
		E2BF96B22821C65E000A2B9C /* GameScene.sks in Resources */ = {isa = PBXBuildFile; fileRef = E2BF96B12821C65E000A2B9C /* GameScene.sks */; };
		E2BF96B42821C65E000A2B9C /* Actions.sks in Resources */ = {isa = PBXBuildFile; fileRef = E2BF96B32821C65E000A2B9C /* Actions.sks */; };
		E2BF96B62821C65E000A2B9C /* GameScene.swift in Sources */ = {isa = PBXBuildFile; fileRef = E2BF96B52821C65E000A2B9C /* GameScene.swift */; };
		E2BF96B82821C65E000A2B9C /* GameViewController.swift in Sources */ = {isa = PBXBuildFile; fileRef = E2BF96B72821C65E000A2B9C /* GameViewController.swift */; };
		E2BF96BB2821C65E000A2B9C /* Main.storyboard in Resources */ = {isa = PBXBuildFile; fileRef = E2BF96B92821C65E000A2B9C /* Main.storyboard */; };
		E2BF96BD2821C65F000A2B9C /* Assets.xcassets in Resources */ = {isa = PBXBuildFile; fileRef = E2BF96BC2821C65F000A2B9C /* Assets.xcassets */; };
		E2BF96C82821C65F000A2B9C /* DropBallTests.swift in Sources */ = {isa = PBXBuildFile; fileRef = E2BF96C72821C65F000A2B9C /* DropBallTests.swift */; };
		E2BF96D32821C65F000A2B9C /* DropBallUITests.swift in Sources */ = {isa = PBXBuildFile; fileRef = E2BF96D22821C65F000A2B9C /* DropBallUITests.swift */; };
		E2BF96E12821F354000A2B9C /* Entity.swift in Sources */ = {isa = PBXBuildFile; fileRef = E2BF96E02821F354000A2B9C /* Entity.swift */; };
		E2E28ACA282733EB001F8935 /* Platform.swift in Sources */ = {isa = PBXBuildFile; fileRef = E2E28AC9282733EB001F8935 /* Platform.swift */; };
		E2E28ACC282781FF001F8935 /* mod.swift in Sources */ = {isa = PBXBuildFile; fileRef = E2E28ACB282781FF001F8935 /* mod.swift */; };
/* End PBXBuildFile section */

/* Begin PBXContainerItemProxy section */
		E2BF96C42821C65F000A2B9C /* PBXContainerItemProxy */ = {
			isa = PBXContainerItemProxy;
			containerPortal = E2BF96A42821C65E000A2B9C /* Project object */;
			proxyType = 1;
			remoteGlobalIDString = E2BF96AB2821C65E000A2B9C;
			remoteInfo = DropBall;
		};
		E2BF96CF2821C65F000A2B9C /* PBXContainerItemProxy */ = {
			isa = PBXContainerItemProxy;
			containerPortal = E2BF96A42821C65E000A2B9C /* Project object */;
			proxyType = 1;
			remoteGlobalIDString = E2BF96AB2821C65E000A2B9C;
			remoteInfo = DropBall;
		};
/* End PBXContainerItemProxy section */

/* Begin PBXFileReference section */
		17541947307AC48B00FEAC5F /* SceneDelegate.swift */ = {isa = PBXFileReference; lastKnownFileType = sourcecode.swift; path = SceneDelegate.swift; sourceTree = "<group>"; };
		E229529C28BC04A500218A5C /* StartScene.swift */ = {isa = PBXFileReference; lastKnownFileType = sourcecode.swift; path = StartScene.swift; sourceTree = "<group>"; };
		E22952A028BC09BD00218A5C /* StartScene.sks */ = {isa = PBXFileReference; lastKnownFileType = file.sks; path = StartScene.sks; sourceTree = "<group>"; };
		E22952A228BC7AB700218A5C /* SKButton.swift */ = {isa = PBXFileReference; lastKnownFileType = sourcecode.swift; path = SKButton.swift; sourceTree = "<group>"; };
		E25A0B662ECB93DA0085E61E /* Particle.sks */ = {isa = PBXFileReference; lastKnownFileType = file.sks; path = Particle.sks; sourceTree = "<group>"; };
		E25FA55E2828760E002833D4 /* Top.swift */ = {isa = PBXFileReference; lastKnownFileType = sourcecode.swift; path = Top.swift; sourceTree = "<group>"; };
		E2604EAA2EBE6B04003AA4DD /* SettingsScene.sks */ = {isa = PBXFileReference; lastKnownFileType = file.sks; path = SettingsScene.sks; sourceTree = "<group>"; };
		E2604EAC2EBE6B0E003AA4DD /* SettingsScene.swift */ = {isa = PBXFileReference; lastKnownFileType = sourcecode.swift; path = SettingsScene.swift; sourceTree = "<group>"; };
		E2604EAE2EBE8D13003AA4DD /* Settings.swift */ = {isa = PBXFileReference; lastKnownFileType = sourcecode.swift; path = Settings.swift; sourceTree = "<group>"; };
		E269D1D8295E8BED00ED3735 /* ScoreDisplay.swift */ = {isa = PBXFileReference; lastKnownFileType = sourcecode.swift; path = ScoreDisplay.swift; sourceTree = "<group>"; };
		E269D1DA295ED64500ED3735 /* SinglePlatform.swift */ = {isa = PBXFileReference; lastKnownFileType = sourcecode.swift; path = SinglePlatform.swift; sourceTree = "<group>"; };
		E269D1DC295EECEF00ED3735 /* Cloud.swift */ = {isa = PBXFileReference; lastKnownFileType = sourcecode.swift; path = Cloud.swift; sourceTree = "<group>"; };
		E28FEFDC294B0D6E005A4A8D /* HighscoreScene.swift */ = {isa = PBXFileReference; lastKnownFileType = sourcecode.swift; path = HighscoreScene.swift; sourceTree = "<group>"; };
		E28FEFDE294B1008005A4A8D /* HighscoreScene.sks */ = {isa = PBXFileReference; lastKnownFileType = file.sks; path = HighscoreScene.sks; sourceTree = "<group>"; };
		E2980ACF294BB82C00FD8951 /* Scores.xcdatamodel */ = {isa = PBXFileReference; lastKnownFileType = wrapper.xcdatamodel; path = Scores.xcdatamodel; sourceTree = "<group>"; };
		E2980AD2294BB87400FD8951 /* CoreDataStack.swift */ = {isa = PBXFileReference; lastKnownFileType = sourcecode.swift; path = CoreDataStack.swift; sourceTree = "<group>"; };
		E2980ADC294C33C900FD8951 /* Score+CoreDataClass.swift */ = {isa = PBXFileReference; lastKnownFileType = sourcecode.swift; path = "Score+CoreDataClass.swift"; sourceTree = "<group>"; };
		E2980ADD294C33C900FD8951 /* Score+CoreDataProperties.swift */ = {isa = PBXFileReference; lastKnownFileType = sourcecode.swift; path = "Score+CoreDataProperties.swift"; sourceTree = "<group>"; };
		E2BF96AC2821C65E000A2B9C /* DropBall.app */ = {isa = PBXFileReference; explicitFileType = wrapper.application; includeInIndex = 0; path = DropBall.app; sourceTree = BUILT_PRODUCTS_DIR; };
		E2BF96AF2821C65E000A2B9C /* AppDelegate.swift */ = {isa = PBXFileReference; lastKnownFileType = sourcecode.swift; path = AppDelegate.swift; sourceTree = "<group>"; };
		E2BF96B12821C65E000A2B9C /* GameScene.sks */ = {isa = PBXFileReference; lastKnownFileType = file.sks; path = GameScene.sks; sourceTree = "<group>"; };
		E2BF96B32821C65E000A2B9C /* Actions.sks */ = {isa = PBXFileReference; lastKnownFileType = file.sks; path = Actions.sks; sourceTree = "<group>"; };
		E2BF96B52821C65E000A2B9C /* GameScene.swift */ = {isa = PBXFileReference; lastKnownFileType = sourcecode.swift; path = GameScene.swift; sourceTree = "<group>"; };
		E2BF96B72821C65E000A2B9C /* GameViewController.swift */ = {isa = PBXFileReference; lastKnownFileType = sourcecode.swift; path = GameViewController.swift; sourceTree = "<group>"; };
		E2BF96BA2821C65E000A2B9C /* Base */ = {isa = PBXFileReference; lastKnownFileType = file.storyboard; name = Base; path = Base.lproj/Main.storyboard; sourceTree = "<group>"; };
		E2BF96BC2821C65F000A2B9C /* Assets.xcassets */ = {isa = PBXFileReference; lastKnownFileType = folder.assetcatalog; path = Assets.xcassets; sourceTree = "<group>"; };
		E2BF96BE2821C65F000A2B9C /* Info.plist */ = {isa = PBXFileReference; lastKnownFileType = text.plist.xml; path = Info.plist; sourceTree = "<group>"; };
		E2BF96C32821C65F000A2B9C /* DropBallTests.xctest */ = {isa = PBXFileReference; explicitFileType = wrapper.cfbundle; includeInIndex = 0; path = DropBallTests.xctest; sourceTree = BUILT_PRODUCTS_DIR; };
		E2BF96C72821C65F000A2B9C /* DropBallTests.swift */ = {isa = PBXFileReference; lastKnownFileType = sourcecode.swift; path = DropBallTests.swift; sourceTree = "<group>"; };
		E2BF96C92821C65F000A2B9C /* Info.plist */ = {isa = PBXFileReference; lastKnownFileType = text.plist.xml; path = Info.plist; sourceTree = "<group>"; };
		E2BF96CE2821C65F000A2B9C /* DropBallUITests.xctest */ = {isa = PBXFileReference; explicitFileType = wrapper.cfbundle; includeInIndex = 0; path = DropBallUITests.xctest; sourceTree = BUILT_PRODUCTS_DIR; };
		E2BF96D22821C65F000A2B9C /* DropBallUITests.swift */ = {isa = PBXFileReference; lastKnownFileType = sourcecode.swift; path = DropBallUITests.swift; sourceTree = "<group>"; };
		E2BF96D42821C65F000A2B9C /* Info.plist */ = {isa = PBXFileReference; lastKnownFileType = text.plist.xml; path = Info.plist; sourceTree = "<group>"; };
		E2BF96E02821F354000A2B9C /* Entity.swift */ = {isa = PBXFileReference; lastKnownFileType = sourcecode.swift; path = Entity.swift; sourceTree = "<group>"; };
		E2E28AC9282733EB001F8935 /* Platform.swift */ = {isa = PBXFileReference; lastKnownFileType = sourcecode.swift; path = Platform.swift; sourceTree = "<group>"; };
		E2E28ACB282781FF001F8935 /* mod.swift */ = {isa = PBXFileReference; lastKnownFileType = sourcecode.swift; path = mod.swift; sourceTree = "<group>"; };
/* End PBXFileReference section */

/* Begin PBXFrameworksBuildPhase section */
		E2BF96A92821C65E000A2B9C /* Frameworks */ = {
			isa = PBXFrameworksBuildPhase;
			buildActionMask = 2147483647;
			files = (
			);
			runOnlyForDeploymentPostprocessing = 0;
		};
		E2BF96C02821C65F000A2B9C /* Frameworks */ = {
			isa = PBXFrameworksBuildPhase;
			buildActionMask = 2147483647;
			files = (
			);
			runOnlyForDeploymentPostprocessing = 0;
		};
		E2BF96CB2821C65F000A2B9C /* Frameworks */ = {
			isa = PBXFrameworksBuildPhase;
			buildActionMask = 2147483647;
			files = (
			);
			runOnlyForDeploymentPostprocessing = 0;
		};
/* End PBXFrameworksBuildPhase section */

/* Begin PBXGroup section */
		E2980AD1294BB84F00FD8951 /* CoreData */ = {
			isa = PBXGroup;
			children = (
				E2980ADC294C33C900FD8951 /* Score+CoreDataClass.swift */,
				E2980ADD294C33C900FD8951 /* Score+CoreDataProperties.swift */,
				E2980AD2294BB87400FD8951 /* CoreDataStack.swift */,
			);
			path = CoreData;
			sourceTree = "<group>";
		};
		E2BF96A32821C65E000A2B9C = {
			isa = PBXGroup;
			children = (
				E2BF96AE2821C65E000A2B9C /* DropBall */,
				E2BF96C62821C65F000A2B9C /* DropBallTests */,
				E2BF96D12821C65F000A2B9C /* DropBallUITests */,
				E2BF96AD2821C65E000A2B9C /* Products */,
			);
			sourceTree = "<group>";
		};
		E2BF96AD2821C65E000A2B9C /* Products */ = {
			isa = PBXGroup;
			children = (
				E2BF96AC2821C65E000A2B9C /* DropBall.app */,
				E2BF96C32821C65F000A2B9C /* DropBallTests.xctest */,
				E2BF96CE2821C65F000A2B9C /* DropBallUITests.xctest */,
			);
			name = Products;
			sourceTree = "<group>";
		};
		E2BF96AE2821C65E000A2B9C /* DropBall */ = {
			isa = PBXGroup;
			children = (
				E2604EAE2EBE8D13003AA4DD /* Settings.swift */,
				E2980AD1294BB84F00FD8951 /* CoreData */,
				E2BF96AF2821C65E000A2B9C /* AppDelegate.swift */,
				E2604EAA2EBE6B04003AA4DD /* SettingsScene.sks */,
				E2604EAC2EBE6B0E003AA4DD /* SettingsScene.swift */,
				E2BF96B12821C65E000A2B9C /* GameScene.sks */,
				E2BF96B52821C65E000A2B9C /* GameScene.swift */,
				E22952A028BC09BD00218A5C /* StartScene.sks */,
				E229529C28BC04A500218A5C /* StartScene.swift */,
				E28FEFDE294B1008005A4A8D /* HighscoreScene.sks */,
				E28FEFDC294B0D6E005A4A8D /* HighscoreScene.swift */,
				E22952A228BC7AB700218A5C /* SKButton.swift */,
				E2BF96B72821C65E000A2B9C /* GameViewController.swift */,
				E2BF96B92821C65E000A2B9C /* Main.storyboard */,
				E2BF96BC2821C65F000A2B9C /* Assets.xcassets */,
				E2BF96BE2821C65F000A2B9C /* Info.plist */,
				E2BF96E02821F354000A2B9C /* Entity.swift */,
				E2E28AC9282733EB001F8935 /* Platform.swift */,
				E25A0B662ECB93DA0085E61E /* Particle.sks */,
				E2E28ACB282781FF001F8935 /* mod.swift */,
				E25FA55E2828760E002833D4 /* Top.swift */,
				E2980ACE294BB82C00FD8951 /* Scores.xcdatamodeld */,
				E269D1D8295E8BED00ED3735 /* ScoreDisplay.swift */,
				E269D1DA295ED64500ED3735 /* SinglePlatform.swift */,
				E269D1DC295EECEF00ED3735 /* Cloud.swift */,
				E2BF96B32821C65E000A2B9C /* Actions.sks */,
				17541947307AC48B00FEAC5F /* SceneDelegate.swift */,
			);
			path = DropBall;
			sourceTree = "<group>";
		};
		E2BF96C62821C65F000A2B9C /* DropBallTests */ = {
			isa = PBXGroup;
			children = (
				E2BF96C72821C65F000A2B9C /* DropBallTests.swift */,
				E2BF96C92821C65F000A2B9C /* Info.plist */,
			);
			path = DropBallTests;
			sourceTree = "<group>";
		};
		E2BF96D12821C65F000A2B9C /* DropBallUITests */ = {
			isa = PBXGroup;
			children = (
				E2BF96D22821C65F000A2B9C /* DropBallUITests.swift */,
				E2BF96D42821C65F000A2B9C /* Info.plist */,
			);
			path = DropBallUITests;
			sourceTree = "<group>";
		};
/* End PBXGroup section */

/* Begin PBXNativeTarget section */
		E2BF96AB2821C65E000A2B9C /* DropBall */ = {
			isa = PBXNativeTarget;
			buildConfigurationList = E2BF96D72821C65F000A2B9C /* Build configuration list for PBXNativeTarget "DropBall" */;
			buildPhases = (
				E2BF96A82821C65E000A2B9C /* Sources */,
				E2BF96A92821C65E000A2B9C /* Frameworks */,
				E2BF96AA2821C65E000A2B9C /* Resources */,
			);
			buildRules = (
			);
			dependencies = (
			);
			name = DropBall;
			productName = DropBall;
			productReference = E2BF96AC2821C65E000A2B9C /* DropBall.app */;
			productType = "com.apple.product-type.application";
		};
		E2BF96C22821C65F000A2B9C /* DropBallTests */ = {
			isa = PBXNativeTarget;
			buildConfigurationList = E2BF96DA2821C65F000A2B9C /* Build configuration list for PBXNativeTarget "DropBallTests" */;
			buildPhases = (
				E2BF96BF2821C65F000A2B9C /* Sources */,
				E2BF96C02821C65F000A2B9C /* Frameworks */,
				E2BF96C12821C65F000A2B9C /* Resources */,
			);
			buildRules = (
			);
			dependencies = (
				E2BF96C52821C65F000A2B9C /* PBXTargetDependency */,
			);
			name = DropBallTests;
			productName = DropBallTests;
			productReference = E2BF96C32821C65F000A2B9C /* DropBallTests.xctest */;
			productType = "com.apple.product-type.bundle.unit-test";
		};
		E2BF96CD2821C65F000A2B9C /* DropBallUITests */ = {
			isa = PBXNativeTarget;
			buildConfigurationList = E2BF96DD2821C65F000A2B9C /* Build configuration list for PBXNativeTarget "DropBallUITests" */;
			buildPhases = (
				E2BF96CA2821C65F000A2B9C /* Sources */,
				E2BF96CB2821C65F000A2B9C /* Frameworks */,
				E2BF96CC2821C65F000A2B9C /* Resources */,
			);
			buildRules = (
			);
			dependencies = (
				E2BF96D02821C65F000A2B9C /* PBXTargetDependency */,
			);
			name = DropBallUITests;
			productName = DropBallUITests;
			productReference = E2BF96CE2821C65F000A2B9C /* DropBallUITests.xctest */;
			productType = "com.apple.product-type.bundle.ui-testing";
		};
/* End PBXNativeTarget section */

/* Begin PBXProject section */
		E2BF96A42821C65E000A2B9C /* Project object */ = {
			isa = PBXProject;
			attributes = {
				LastSwiftUpdateCheck = 1250;
				LastUpgradeCheck = 1250;
				TargetAttributes = {
					E2BF96AB2821C65E000A2B9C = {
						CreatedOnToolsVersion = 12.5;
					};
					E2BF96C22821C65F000A2B9C = {
						CreatedOnToolsVersion = 12.5;
						TestTargetID = E2BF96AB2821C65E000A2B9C;
					};
					E2BF96CD2821C65F000A2B9C = {
						CreatedOnToolsVersion = 12.5;
						TestTargetID = E2BF96AB2821C65E000A2B9C;
					};
				};
			};
			buildConfigurationList = E2BF96A72821C65E000A2B9C /* Build configuration list for PBXProject "DropBall" */;
			compatibilityVersion = "Xcode 9.3";
			developmentRegion = en;
			hasScannedForEncodings = 0;
			knownRegions = (
				en,
				Base,
			);
			mainGroup = E2BF96A32821C65E000A2B9C;
			productRefGroup = E2BF96AD2821C65E000A2B9C /* Products */;
			projectDirPath = "";
			projectRoot = "";
			targets = (
				E2BF96AB2821C65E000A2B9C /* DropBall */,
				E2BF96C22821C65F000A2B9C /* DropBallTests */,
				E2BF96CD2821C65F000A2B9C /* DropBallUITests */,
			);
		};
/* End PBXProject section */

/* Begin PBXResourcesBuildPhase section */
		E2BF96AA2821C65E000A2B9C /* Resources */ = {
			isa = PBXResourcesBuildPhase;
			buildActionMask = 2147483647;
			files = (
				E24A4F312957A82500466DDA /* Scores.xcdatamodeld in Resources */,
				E2BF96BB2821C65E000A2B9C /* Main.storyboard in Resources */,
				E2BF96B22821C65E000A2B9C /* GameScene.sks in Resources */,
				E2BF96BD2821C65F000A2B9C /* Assets.xcassets in Resources */,
				E25A0B672ECB93DA0085E61E /* Particle.sks in Resources */,
				E22952A128BC09BD00218A5C /* StartScene.sks in Resources */,
				E2BF96B42821C65E000A2B9C /* Actions.sks in Resources */,
				E28FEFDF294B1008005A4A8D /* HighscoreScene.sks in Resources */,
				E2604EAB2EBE6B04003AA4DD /* SettingsScene.sks in Resources */,
			);
			runOnlyForDeploymentPostprocessing = 0;
		};
		E2BF96C12821C65F000A2B9C /* Resources */ = {
			isa = PBXResourcesBuildPhase;
			buildActionMask = 2147483647;
			files = (
			);
			runOnlyForDeploymentPostprocessing = 0;
		};
		E2BF96CC2821C65F000A2B9C /* Resources */ = {
			isa = PBXResourcesBuildPhase;
			buildActionMask = 2147483647;
			files = (
			);
			runOnlyForDeploymentPostprocessing = 0;
		};
/* End PBXResourcesBuildPhase section */

/* Begin PBXSourcesBuildPhase section */
		E2BF96A82821C65E000A2B9C /* Sources */ = {
			isa = PBXSourcesBuildPhase;
			buildActionMask = 2147483647;
			files = (
				E2980ADF294C33C900FD8951 /* Score+CoreDataProperties.swift in Sources */,
				E2E28ACA282733EB001F8935 /* Platform.swift in Sources */,
				E2BF96E12821F354000A2B9C /* Entity.swift in Sources */,
				E2980AD3294BB87400FD8951 /* CoreDataStack.swift in Sources */,
				E2E28ACC282781FF001F8935 /* mod.swift in Sources */,
				E2BF96B62821C65E000A2B9C /* GameScene.swift in Sources */,
				E2604EAF2EBE8D1A003AA4DD /* Settings.swift in Sources */,
				E2BF96B82821C65E000A2B9C /* GameViewController.swift in Sources */,
				E269D1D9295E8BED00ED3735 /* ScoreDisplay.swift in Sources */,
				E2980ADE294C33C900FD8951 /* Score+CoreDataClass.swift in Sources */,
				E269D1DB295ED64600ED3735 /* SinglePlatform.swift in Sources */,
				E2BF96B02821C65E000A2B9C /* AppDelegate.swift in Sources */,
				E2604EAD2EBE6B14003AA4DD /* SettingsScene.swift in Sources */,
				E25FA55F2828760E002833D4 /* Top.swift in Sources */,
				E28FEFDD294B0D6E005A4A8D /* HighscoreScene.swift in Sources */,
				E269D1DD295EECEF00ED3735 /* Cloud.swift in Sources */,
				17541948307AC48B00FEAC5F /* SceneDelegate.swift in Sources */,
				E22952A328BC7AB700218A5C /* SKButton.swift in Sources */,
				E229529D28BC04A500218A5C /* StartScene.swift in Sources */,
			);
			runOnlyForDeploymentPostprocessing = 0;
		};
		E2BF96BF2821C65F000A2B9C /* Sources */ = {
			isa = PBXSourcesBuildPhase;
			buildActionMask = 2147483647;
			files = (
				E2BF96C82821C65F000A2B9C /* DropBallTests.swift in Sources */,
			);
			runOnlyForDeploymentPostprocessing = 0;
		};
		E2BF96CA2821C65F000A2B9C /* Sources */ = {
			isa = PBXSourcesBuildPhase;
			buildActionMask = 2147483647;
			files = (
				E2BF96D32821C65F000A2B9C /* DropBallUITests.swift in Sources */,
			);
			runOnlyForDeploymentPostprocessing = 0;
		};
/* End PBXSourcesBuildPhase section */

/* Begin PBXTargetDependency section */
		E2BF96C52821C65F000A2B9C /* PBXTargetDependency */ = {
			isa = PBXTargetDependency;
			target = E2BF96AB2821C65E000A2B9C /* DropBall */;
			targetProxy = E2BF96C42821C65F000A2B9C /* PBXContainerItemProxy */;
		};
		E2BF96D02821C65F000A2B9C /* PBXTargetDependency */ = {
			isa = PBXTargetDependency;
			target = E2BF96AB2821C65E000A2B9C /* DropBall */;
			targetProxy = E2BF96CF2821C65F000A2B9C /* PBXContainerItemProxy */;
		};
/* End PBXTargetDependency section */

/* Begin PBXVariantGroup section */
		E2BF96B92821C65E000A2B9C /* Main.storyboard */ = {
			isa = PBXVariantGroup;
			children = (
				E2BF96BA2821C65E000A2B9C /* Base */,
			);
			name = Main.storyboard;
			sourceTree = "<group>";
		};
/* End PBXVariantGroup section */

/* Begin XCBuildConfiguration section */
		E2BF96D52821C65F000A2B9C /* Debug */ = {
			isa = XCBuildConfiguration;
			buildSettings = {
				ALWAYS_SEARCH_USER_PATHS = NO;
				CLANG_ANALYZER_NONNULL = YES;
				CLANG_ANALYZER_NUMBER_OBJECT_CONVERSION = YES_AGGRESSIVE;
				CLANG_CXX_LANGUAGE_STANDARD = "gnu++14";
				CLANG_CXX_LIBRARY = "libc++";
				CLANG_ENABLE_MODULES = YES;
				CLANG_ENABLE_OBJC_ARC = YES;
				CLANG_ENABLE_OBJC_WEAK = YES;
				CLANG_WARN_BLOCK_CAPTURE_AUTORELEASING = YES;
				CLANG_WARN_BOOL_CONVERSION = YES;
				CLANG_WARN_COMMA = YES;
				CLANG_WARN_CONSTANT_CONVERSION = YES;
				CLANG_WARN_DEPRECATED_OBJC_IMPLEMENTATIONS = YES;
				CLANG_WARN_DIRECT_OBJC_ISA_USAGE = YES_ERROR;
				CLANG_WARN_DOCUMENTATION_COMMENTS = YES;
				CLANG_WARN_EMPTY_BODY = YES;
				CLANG_WARN_ENUM_CONVERSION = YES;
				CLANG_WARN_INFINITE_RECURSION = YES;
				CLANG_WARN_INT_CONVERSION = YES;
				CLANG_WARN_NON_LITERAL_NULL_CONVERSION = YES;
				CLANG_WARN_OBJC_IMPLICIT_RETAIN_SELF = YES;
				CLANG_WARN_OBJC_LITERAL_CONVERSION = YES;
				CLANG_WARN_OBJC_ROOT_CLASS = YES_ERROR;
				CLANG_WARN_QUOTED_INCLUDE_IN_FRAMEWORK_HEADER = YES;
				CLANG_WARN_RANGE_LOOP_ANALYSIS = YES;
				CLANG_WARN_STRICT_PROTOTYPES = YES;
				CLANG_WARN_SUSPICIOUS_MOVE = YES;
				CLANG_WARN_UNGUARDED_AVAILABILITY = YES_AGGRESSIVE;
				CLANG_WARN_UNREACHABLE_CODE = YES;
				CLANG_WARN__DUPLICATE_METHOD_MATCH = YES;
				COPY_PHASE_STRIP = NO;
				DEBUG_INFORMATION_FORMAT = dwarf;
				ENABLE_STRICT_OBJC_MSGSEND = YES;
				ENABLE_TESTABILITY = YES;
				GCC_C_LANGUAGE_STANDARD = gnu11;
				GCC_DYNAMIC_NO_PIC = NO;
				GCC_NO_COMMON_BLOCKS = YES;
				GCC_OPTIMIZATION_LEVEL = 0;
				GCC_PREPROCESSOR_DEFINITIONS = (
					"DEBUG=1",
					"$(inherited)",
				);
				GCC_WARN_64_TO_32_BIT_CONVERSION = YES;
				GCC_WARN_ABOUT_RETURN_TYPE = YES_ERROR;
				GCC_WARN_UNDECLARED_SELECTOR = YES;
				GCC_WARN_UNINITIALIZED_AUTOS = YES_AGGRESSIVE;
				GCC_WARN_UNUSED_FUNCTION = YES;
				GCC_WARN_UNUSED_VARIABLE = YES;
				IPHONEOS_DEPLOYMENT_TARGET = 14.5;
				MTL_ENABLE_DEBUG_INFO = INCLUDE_SOURCE;
				MTL_FAST_MATH = YES;
				ONLY_ACTIVE_ARCH = YES;
				SDKROOT = iphoneos;
				SWIFT_ACTIVE_COMPILATION_CONDITIONS = DEBUG;
				SWIFT_OPTIMIZATION_LEVEL = "-Onone";
			};
			name = Debug;
		};
		E2BF96D62821C65F000A2B9C /* Release */ = {
			isa = XCBuildConfiguration;
			buildSettings = {
				ALWAYS_SEARCH_USER_PATHS = NO;
				CLANG_ANALYZER_NONNULL = YES;
				CLANG_ANALYZER_NUMBER_OBJECT_CONVERSION = YES_AGGRESSIVE;
				CLANG_CXX_LANGUAGE_STANDARD = "gnu++14";
				CLANG_CXX_LIBRARY = "libc++";
				CLANG_ENABLE_MODULES = YES;
				CLANG_ENABLE_OBJC_ARC = YES;
				CLANG_ENABLE_OBJC_WEAK = YES;
				CLANG_WARN_BLOCK_CAPTURE_AUTORELEASING = YES;
				CLANG_WARN_BOOL_CONVERSION = YES;
				CLANG_WARN_COMMA = YES;
				CLANG_WARN_CONSTANT_CONVERSION = YES;
				CLANG_WARN_DEPRECATED_OBJC_IMPLEMENTATIONS = YES;
				CLANG_WARN_DIRECT_OBJC_ISA_USAGE = YES_ERROR;
				CLANG_WARN_DOCUMENTATION_COMMENTS = YES;
				CLANG_WARN_EMPTY_BODY = YES;
				CLANG_WARN_ENUM_CONVERSION = YES;
				CLANG_WARN_INFINITE_RECURSION = YES;
				CLANG_WARN_INT_CONVERSION = YES;
				CLANG_WARN_NON_LITERAL_NULL_CONVERSION = YES;
				CLANG_WARN_OBJC_IMPLICIT_RETAIN_SELF = YES;
				CLANG_WARN_OBJC_LITERAL_CONVERSION = YES;
				CLANG_WARN_OBJC_ROOT_CLASS = YES_ERROR;
				CLANG_WARN_QUOTED_INCLUDE_IN_FRAMEWORK_HEADER = YES;
				CLANG_WARN_RANGE_LOOP_ANALYSIS = YES;
				CLANG_WARN_STRICT_PROTOTYPES = YES;
				CLANG_WARN_SUSPICIOUS_MOVE = YES;
				CLANG_WARN_UNGUARDED_AVAILABILITY = YES_AGGRESSIVE;
				CLANG_WARN_UNREACHABLE_CODE = YES;
				CLANG_WARN__DUPLICATE_METHOD_MATCH = YES;
				COPY_PHASE_STRIP = NO;
				DEBUG_INFORMATION_FORMAT = "dwarf-with-dsym";
				ENABLE_NS_ASSERTIONS = NO;
				ENABLE_STRICT_OBJC_MSGSEND = YES;
				GCC_C_LANGUAGE_STANDARD = gnu11;
				GCC_NO_COMMON_BLOCKS = YES;
				GCC_WARN_64_TO_32_BIT_CONVERSION = YES;
				GCC_WARN_ABOUT_RETURN_TYPE = YES_ERROR;
				GCC_WARN_UNDECLARED_SELECTOR = YES;
				GCC_WARN_UNINITIALIZED_AUTOS = YES_AGGRESSIVE;
				GCC_WARN_UNUSED_FUNCTION = YES;
				GCC_WARN_UNUSED_VARIABLE = YES;
				IPHONEOS_DEPLOYMENT_TARGET = 14.5;
				MTL_ENABLE_DEBUG_INFO = NO;
				MTL_FAST_MATH = YES;
				SDKROOT = iphoneos;
				SWIFT_COMPILATION_MODE = wholemodule;
				SWIFT_OPTIMIZATION_LEVEL = "-O";
				VALIDATE_PRODUCT = YES;
			};
			name = Release;
		};
		E2BF96D82821C65F000A2B9C /* Debug */ = {
			isa = XCBuildConfiguration;
			buildSettings = {
				ASSETCATALOG_COMPILER_APPICON_NAME = AppIcon;
				ASSETCATALOG_COMPILER_GLOBAL_ACCENT_COLOR_NAME = AccentColor;
				CODE_SIGN_STYLE = Automatic;
				DEVELOPMENT_TEAM = W2U4ND32CF;
				INFOPLIST_FILE = DropBall/Info.plist;
				IPHONEOS_DEPLOYMENT_TARGET = 16.6;
				LD_RUNPATH_SEARCH_PATHS = (
					"$(inherited)",
					"@executable_path/Frameworks",
				);
				PRODUCT_BUNDLE_IDENTIFIER = com.toastedwalnuts.DropBall;
				PRODUCT_NAME = "$(TARGET_NAME)";
				SWIFT_VERSION = 5.0;
				TARGETED_DEVICE_FAMILY = "1,2";
			};
			name = Debug;
		};
		E2BF96D92821C65F000A2B9C /* Release */ = {
			isa = XCBuildConfiguration;
			buildSettings = {
				ASSETCATALOG_COMPILER_APPICON_NAME = AppIcon;
				ASSETCATALOG_COMPILER_GLOBAL_ACCENT_COLOR_NAME = AccentColor;
				CODE_SIGN_STYLE = Automatic;
				DEVELOPMENT_TEAM = W2U4ND32CF;
				INFOPLIST_FILE = DropBall/Info.plist;
				IPHONEOS_DEPLOYMENT_TARGET = 16.6;
				LD_RUNPATH_SEARCH_PATHS = (
					"$(inherited)",
					"@executable_path/Frameworks",
				);
				PRODUCT_BUNDLE_IDENTIFIER = com.toastedwalnuts.DropBall;
				PRODUCT_NAME = "$(TARGET_NAME)";
				SWIFT_VERSION = 5.0;
				TARGETED_DEVICE_FAMILY = "1,2";
			};
			name = Release;
		};
		E2BF96DB2821C65F000A2B9C /* Debug */ = {
			isa = XCBuildConfiguration;
			buildSettings = {
				ALWAYS_EMBED_SWIFT_STANDARD_LIBRARIES = YES;
				BUNDLE_LOADER = "$(TEST_HOST)";
				CODE_SIGN_STYLE = Automatic;
				DEVELOPMENT_TEAM = W2U4ND32CF;
				INFOPLIST_FILE = DropBallTests/Info.plist;
				IPHONEOS_DEPLOYMENT_TARGET = 16.6;
				LD_RUNPATH_SEARCH_PATHS = (
					"$(inherited)",
					"@executable_path/Frameworks",
					"@loader_path/Frameworks",
				);
				PRODUCT_BUNDLE_IDENTIFIER = com.toastedwalnuts.DropBallTests;
				PRODUCT_NAME = "$(TARGET_NAME)";
				SWIFT_VERSION = 5.0;
				TARGETED_DEVICE_FAMILY = "1,2";
				TEST_HOST = "$(BUILT_PRODUCTS_DIR)/DropBall.app/DropBall";
			};
			name = Debug;
		};
		E2BF96DC2821C65F000A2B9C /* Release */ = {
			isa = XCBuildConfiguration;
			buildSettings = {
				ALWAYS_EMBED_SWIFT_STANDARD_LIBRARIES = YES;
				BUNDLE_LOADER = "$(TEST_HOST)";
				CODE_SIGN_STYLE = Automatic;
				DEVELOPMENT_TEAM = W2U4ND32CF;
				INFOPLIST_FILE = DropBallTests/Info.plist;
				IPHONEOS_DEPLOYMENT_TARGET = 16.6;
				LD_RUNPATH_SEARCH_PATHS = (
					"$(inherited)",
					"@executable_path/Frameworks",
					"@loader_path/Frameworks",
				);
				PRODUCT_BUNDLE_IDENTIFIER = com.toastedwalnuts.DropBallTests;
				PRODUCT_NAME = "$(TARGET_NAME)";
				SWIFT_VERSION = 5.0;
				TARGETED_DEVICE_FAMILY = "1,2";
				TEST_HOST = "$(BUILT_PRODUCTS_DIR)/DropBall.app/DropBall";
			};
			name = Release;
		};
		E2BF96DE2821C65F000A2B9C /* Debug */ = {
			isa = XCBuildConfiguration;
			buildSettings = {
				ALWAYS_EMBED_SWIFT_STANDARD_LIBRARIES = YES;
				CODE_SIGN_STYLE = Automatic;
				DEVELOPMENT_TEAM = W2U4ND32CF;
				INFOPLIST_FILE = DropBallUITests/Info.plist;
				IPHONEOS_DEPLOYMENT_TARGET = 16.6;
				LD_RUNPATH_SEARCH_PATHS = (
					"$(inherited)",
					"@executable_path/Frameworks",
					"@loader_path/Frameworks",
				);
				PRODUCT_BUNDLE_IDENTIFIER = com.toastedwalnuts.DropBallUITests;
				PRODUCT_NAME = "$(TARGET_NAME)";
				SWIFT_VERSION = 5.0;
				TARGETED_DEVICE_FAMILY = "1,2";
				TEST_TARGET_NAME = DropBall;
			};
			name = Debug;
		};
		E2BF96DF2821C65F000A2B9C /* Release */ = {
			isa = XCBuildConfiguration;
			buildSettings = {
				ALWAYS_EMBED_SWIFT_STANDARD_LIBRARIES = YES;
				CODE_SIGN_STYLE = Automatic;
				DEVELOPMENT_TEAM = W2U4ND32CF;
				INFOPLIST_FILE = DropBallUITests/Info.plist;
				IPHONEOS_DEPLOYMENT_TARGET = 16.6;
				LD_RUNPATH_SEARCH_PATHS = (
					"$(inherited)",
					"@executable_path/Frameworks",
					"@loader_path/Frameworks",
				);
				PRODUCT_BUNDLE_IDENTIFIER = com.toastedwalnuts.DropBallUITests;
				PRODUCT_NAME = "$(TARGET_NAME)";
				SWIFT_VERSION = 5.0;
				TARGETED_DEVICE_FAMILY = "1,2";
				TEST_TARGET_NAME = DropBall;
			};
			name = Release;
		};
/* End XCBuildConfiguration section */

/* Begin XCConfigurationList section */
		E2BF96A72821C65E000A2B9C /* Build configuration list for PBXProject "DropBall" */ = {
			isa = XCConfigurationList;
			buildConfigurations = (
				E2BF96D52821C65F000A2B9C /* Debug */,
				E2BF96D62821C65F000A2B9C /* Release */,
			);
			defaultConfigurationIsVisible = 0;
			defaultConfigurationName = Release;
		};
		E2BF96D72821C65F000A2B9C /* Build configuration list for PBXNativeTarget "DropBall" */ = {
			isa = XCConfigurationList;
			buildConfigurations = (
				E2BF96D82821C65F000A2B9C /* Debug */,
				E2BF96D92821C65F000A2B9C /* Release */,
			);
			defaultConfigurationIsVisible = 0;
			defaultConfigurationName = Release;
		};
		E2BF96DA2821C65F000A2B9C /* Build configuration list for PBXNativeTarget "DropBallTests" */ = {
			isa = XCConfigurationList;
			buildConfigurations = (
				E2BF96DB2821C65F000A2B9C /* Debug */,
				E2BF96DC2821C65F000A2B9C /* Release */,
			);
			defaultConfigurationIsVisible = 0;
			defaultConfigurationName = Release;
		};
		E2BF96DD2821C65F000A2B9C /* Build configuration list for PBXNativeTarget "DropBallUITests" */ = {
			isa = XCConfigurationList;
			buildConfigurations = (
				E2BF96DE2821C65F000A2B9C /* Debug */,
				E2BF96DF2821C65F000A2B9C /* Release */,
			);
			defaultConfigurationIsVisible = 0;
			defaultConfigurationName = Release;
		};
/* End XCConfigurationList section */

/* Begin XCVersionGroup section */
		E2980ACE294BB82C00FD8951 /* Scores.xcdatamodeld */ = {
			isa = XCVersionGroup;
			children = (
				E2980ACF294BB82C00FD8951 /* Scores.xcdatamodel */,
			);
			currentVersion = E2980ACF294BB82C00FD8951 /* Scores.xcdatamodel */;
			path = Scores.xcdatamodeld;
			sourceTree = "<group>";
			versionGroupType = wrapper.xcdatamodel;
		};
/* End XCVersionGroup section */
	};
	rootObject = E2BF96A42821C65E000A2B9C /* Project object */;
}
